// !$*UTF8*$!
{
	archiveVersion = 1;
	classes = {
	};
	objectVersion = 56;
	objects = {

/* Begin PBXBuildFile section */
		18083C4E2B728FDB00213615 /* EscapingBootcamp.swift in Sources */ = {isa = PBXBuildFile; fileRef = 18083C4D2B728FDB00213615 /* EscapingBootcamp.swift */; };
		180BEBAA2B629511001B017E /* SoundsBootcamp.swift in Sources */ = {isa = PBXBuildFile; fileRef = 180BEBA92B629511001B017E /* SoundsBootcamp.swift */; };
		180BEBB22B62B536001B017E /* badum.mp3 in Resources */ = {isa = PBXBuildFile; fileRef = 180BEBB02B62B536001B017E /* badum.mp3 */; };
		180BEBB32B62B536001B017E /* tada.mp3 in Resources */ = {isa = PBXBuildFile; fileRef = 180BEBB12B62B536001B017E /* tada.mp3 */; };
		182C58E42B84F62500919593 /* PhotoModelCacheManager.swift in Sources */ = {isa = PBXBuildFile; fileRef = 182C58E32B84F62500919593 /* PhotoModelCacheManager.swift */; };
		182C58E62B84F84200919593 /* PhotoModelFileManager.swift in Sources */ = {isa = PBXBuildFile; fileRef = 182C58E52B84F84200919593 /* PhotoModelFileManager.swift */; };
		1831A1F32B8242A500246210 /* CacheBootcamp.swift in Sources */ = {isa = PBXBuildFile; fileRef = 1831A1F22B8242A500246210 /* CacheBootcamp.swift */; };
		183B3B182B88D2E100DFC479 /* AccessibilityColorsBootcamp.swift in Sources */ = {isa = PBXBuildFile; fileRef = 183B3B172B88D2E100DFC479 /* AccessibilityColorsBootcamp.swift */; };
		183B3B1A2B88DF2000DFC479 /* AccessibilityVoiceOverBootcamp.swift in Sources */ = {isa = PBXBuildFile; fileRef = 183B3B192B88DF2000DFC479 /* AccessibilityVoiceOverBootcamp.swift */; };
		183B3B1C2B8A16A800DFC479 /* AlignmentGuideBootcamp.swift in Sources */ = {isa = PBXBuildFile; fileRef = 183B3B1B2B8A16A800DFC479 /* AlignmentGuideBootcamp.swift */; };
		183DA90F2B9CBF6400A579F3 /* VisualEffectBootcamp.swift in Sources */ = {isa = PBXBuildFile; fileRef = 183DA90E2B9CBF6400A579F3 /* VisualEffectBootcamp.swift */; };
		18459EC02B79114A00FCC310 /* TimerBootcamp.swift in Sources */ = {isa = PBXBuildFile; fileRef = 18459EBF2B79114A00FCC310 /* TimerBootcamp.swift */; };
		184FA73A2B5ED8FC00CE8F81 /* GeometryReaderBootcamp.swift in Sources */ = {isa = PBXBuildFile; fileRef = 184FA7392B5ED8FC00CE8F81 /* GeometryReaderBootcamp.swift */; };
		185F3DF42B7A7DA0008B3586 /* SubscriberBootcamp.swift in Sources */ = {isa = PBXBuildFile; fileRef = 185F3DF32B7A7DA0008B3586 /* SubscriberBootcamp.swift */; };
		1884C0812B6A0BD300A39571 /* CoredataBootcamp.swift in Sources */ = {isa = PBXBuildFile; fileRef = 1884C0802B6A0BD300A39571 /* CoredataBootcamp.swift */; };
		1884C0842B6A903100A39571 /* FruitsContainer.xcdatamodeld in Sources */ = {isa = PBXBuildFile; fileRef = 1884C0822B6A903100A39571 /* FruitsContainer.xcdatamodeld */; };
		1884C0862B6BEC8A00A39571 /* CoredataRelationshipsBootcamp.swift in Sources */ = {isa = PBXBuildFile; fileRef = 1884C0852B6BEC8A00A39571 /* CoredataRelationshipsBootcamp.swift */; };
		1884C0892B6BEF8800A39571 /* CoredataContainer.xcdatamodeld in Sources */ = {isa = PBXBuildFile; fileRef = 1884C0872B6BEF8800A39571 /* CoredataContainer.xcdatamodeld */; };
		1898C4022B77DED80003D477 /* DownloadWithCombine.swift in Sources */ = {isa = PBXBuildFile; fileRef = 1898C4012B77DED80003D477 /* DownloadWithCombine.swift */; };
		18A48D412B73E49C00AFB177 /* CodableBootcamp.swift in Sources */ = {isa = PBXBuildFile; fileRef = 18A48D402B73E49C00AFB177 /* CodableBootcamp.swift */; };
		18AD1F682B63F574002C5E2D /* HapticsBootcamp.swift in Sources */ = {isa = PBXBuildFile; fileRef = 18AD1F672B63F574002C5E2D /* HapticsBootcamp.swift */; };
		18AD1F6A2B63F97E002C5E2D /* LocalNotificationBootcamp.swift in Sources */ = {isa = PBXBuildFile; fileRef = 18AD1F692B63F97E002C5E2D /* LocalNotificationBootcamp.swift */; };
		18AD1F6C2B640E4F002C5E2D /* HashableBootcamp.swift in Sources */ = {isa = PBXBuildFile; fileRef = 18AD1F6B2B640E4F002C5E2D /* HashableBootcamp.swift */; };
		18BD2BEF2B86498C001F68AC /* AccessibilityTextBootcamp.swift in Sources */ = {isa = PBXBuildFile; fileRef = 18BD2BEE2B86498C001F68AC /* AccessibilityTextBootcamp.swift */; };
		18BD4D122B83A227001BDE4A /* DownloadingImagesBootcamp.swift in Sources */ = {isa = PBXBuildFile; fileRef = 18BD4D112B83A227001BDE4A /* DownloadingImagesBootcamp.swift */; };
		18BD4D142B83A380001BDE4A /* PhotoModel.swift in Sources */ = {isa = PBXBuildFile; fileRef = 18BD4D132B83A380001BDE4A /* PhotoModel.swift */; };
		18BD4D162B83A44F001BDE4A /* DownloadingImagesViewModel.swift in Sources */ = {isa = PBXBuildFile; fileRef = 18BD4D152B83A44F001BDE4A /* DownloadingImagesViewModel.swift */; };
		18BD4D182B83A7ED001BDE4A /* PhotoModelDataService.swift in Sources */ = {isa = PBXBuildFile; fileRef = 18BD4D172B83A7ED001BDE4A /* PhotoModelDataService.swift */; };
		18BD4D1A2B83B65B001BDE4A /* DownloadingImagesRow.swift in Sources */ = {isa = PBXBuildFile; fileRef = 18BD4D192B83B65B001BDE4A /* DownloadingImagesRow.swift */; };
		18BD4D1C2B83B75A001BDE4A /* DownloadingImageView.swift in Sources */ = {isa = PBXBuildFile; fileRef = 18BD4D1B2B83B75A001BDE4A /* DownloadingImageView.swift */; };
		18BD4D1E2B83B805001BDE4A /* ImageLoadingViewModel.swift in Sources */ = {isa = PBXBuildFile; fileRef = 18BD4D1D2B83B805001BDE4A /* ImageLoadingViewModel.swift */; };
		18BDE1DF2B751F1F00D7D1A2 /* DownloadingWithEscaping.swift in Sources */ = {isa = PBXBuildFile; fileRef = 18BDE1DE2B751F1F00D7D1A2 /* DownloadingWithEscaping.swift */; };
		18D796AD2B7D0BAF005308C5 /* FileManagerBootcamp.swift in Sources */ = {isa = PBXBuildFile; fileRef = 18D796AC2B7D0BAF005308C5 /* FileManagerBootcamp.swift */; };
		18DEF0942B56D374008AA133 /* ContinuedLearningApp.swift in Sources */ = {isa = PBXBuildFile; fileRef = 18DEF0932B56D374008AA133 /* ContinuedLearningApp.swift */; };
		18DEF0962B56D374008AA133 /* ContentView.swift in Sources */ = {isa = PBXBuildFile; fileRef = 18DEF0952B56D374008AA133 /* ContentView.swift */; };
		18DEF0982B56D376008AA133 /* Assets.xcassets in Resources */ = {isa = PBXBuildFile; fileRef = 18DEF0972B56D376008AA133 /* Assets.xcassets */; };
		18DEF09B2B56D376008AA133 /* Preview Assets.xcassets in Resources */ = {isa = PBXBuildFile; fileRef = 18DEF09A2B56D376008AA133 /* Preview Assets.xcassets */; };
		18DEF0A22B56D563008AA133 /* LongPressGuestureBootcamp.swift in Sources */ = {isa = PBXBuildFile; fileRef = 18DEF0A12B56D563008AA133 /* LongPressGuestureBootcamp.swift */; };
		18DEF0A42B56DFA3008AA133 /* MagnificationGestureBootcamp.swift in Sources */ = {isa = PBXBuildFile; fileRef = 18DEF0A32B56DFA3008AA133 /* MagnificationGestureBootcamp.swift */; };
		18DEF0A62B56EB6B008AA133 /* RotationGestureBootcamp.swift in Sources */ = {isa = PBXBuildFile; fileRef = 18DEF0A52B56EB6B008AA133 /* RotationGestureBootcamp.swift */; };
		18E00CAE2B5812E50089C918 /* DragGestureBootcamp.swift in Sources */ = {isa = PBXBuildFile; fileRef = 18E00CAD2B5812E50089C918 /* DragGestureBootcamp.swift */; };
		18E00CB02B5818C80089C918 /* DragGestureBootcamp2.swift in Sources */ = {isa = PBXBuildFile; fileRef = 18E00CAF2B5818C80089C918 /* DragGestureBootcamp2.swift */; };
		18E00CB22B582A980089C918 /* ScrollViewReaderBootcamp.swift in Sources */ = {isa = PBXBuildFile; fileRef = 18E00CB12B582A980089C918 /* ScrollViewReaderBootcamp.swift */; };
		18F2D00A2B60229B002113A8 /* MultipleSheetBootcamp.swift in Sources */ = {isa = PBXBuildFile; fileRef = 18F2D0092B60229B002113A8 /* MultipleSheetBootcamp.swift */; };
		18F2D00C2B602B22002113A8 /* MaskBootcamp.swift in Sources */ = {isa = PBXBuildFile; fileRef = 18F2D00B2B602B22002113A8 /* MaskBootcamp.swift */; };
		18F7D5442B713A0B00361CCC /* BackgroundThreadBootcamp.swift in Sources */ = {isa = PBXBuildFile; fileRef = 18F7D5432B713A0B00361CCC /* BackgroundThreadBootcamp.swift */; };
/* End PBXBuildFile section */

/* Begin PBXFileReference section */
		18083C4D2B728FDB00213615 /* EscapingBootcamp.swift */ = {isa = PBXFileReference; lastKnownFileType = sourcecode.swift; path = EscapingBootcamp.swift; sourceTree = "<group>"; };
		180BEBA92B629511001B017E /* SoundsBootcamp.swift */ = {isa = PBXFileReference; lastKnownFileType = sourcecode.swift; path = SoundsBootcamp.swift; sourceTree = "<group>"; };
		180BEBB02B62B536001B017E /* badum.mp3 */ = {isa = PBXFileReference; lastKnownFileType = audio.mp3; path = badum.mp3; sourceTree = "<group>"; };
		180BEBB12B62B536001B017E /* tada.mp3 */ = {isa = PBXFileReference; lastKnownFileType = audio.mp3; path = tada.mp3; sourceTree = "<group>"; };
		182C58E32B84F62500919593 /* PhotoModelCacheManager.swift */ = {isa = PBXFileReference; lastKnownFileType = sourcecode.swift; path = PhotoModelCacheManager.swift; sourceTree = "<group>"; };
		182C58E52B84F84200919593 /* PhotoModelFileManager.swift */ = {isa = PBXFileReference; lastKnownFileType = sourcecode.swift; path = PhotoModelFileManager.swift; sourceTree = "<group>"; };
		1831A1F22B8242A500246210 /* CacheBootcamp.swift */ = {isa = PBXFileReference; lastKnownFileType = sourcecode.swift; path = CacheBootcamp.swift; sourceTree = "<group>"; };
		183B3B172B88D2E100DFC479 /* AccessibilityColorsBootcamp.swift */ = {isa = PBXFileReference; lastKnownFileType = sourcecode.swift; path = AccessibilityColorsBootcamp.swift; sourceTree = "<group>"; };
		183B3B192B88DF2000DFC479 /* AccessibilityVoiceOverBootcamp.swift */ = {isa = PBXFileReference; lastKnownFileType = sourcecode.swift; path = AccessibilityVoiceOverBootcamp.swift; sourceTree = "<group>"; };
		183B3B1B2B8A16A800DFC479 /* AlignmentGuideBootcamp.swift */ = {isa = PBXFileReference; lastKnownFileType = sourcecode.swift; path = AlignmentGuideBootcamp.swift; sourceTree = "<group>"; };
		183DA90E2B9CBF6400A579F3 /* VisualEffectBootcamp.swift */ = {isa = PBXFileReference; lastKnownFileType = sourcecode.swift; path = VisualEffectBootcamp.swift; sourceTree = "<group>"; };
		18459EBF2B79114A00FCC310 /* TimerBootcamp.swift */ = {isa = PBXFileReference; lastKnownFileType = sourcecode.swift; path = TimerBootcamp.swift; sourceTree = "<group>"; };
		184FA7392B5ED8FC00CE8F81 /* GeometryReaderBootcamp.swift */ = {isa = PBXFileReference; lastKnownFileType = sourcecode.swift; path = GeometryReaderBootcamp.swift; sourceTree = "<group>"; };
		185F3DF32B7A7DA0008B3586 /* SubscriberBootcamp.swift */ = {isa = PBXFileReference; lastKnownFileType = sourcecode.swift; path = SubscriberBootcamp.swift; sourceTree = "<group>"; };
		1884C0802B6A0BD300A39571 /* CoredataBootcamp.swift */ = {isa = PBXFileReference; lastKnownFileType = sourcecode.swift; path = CoredataBootcamp.swift; sourceTree = "<group>"; };
		1884C0832B6A903100A39571 /* FruitsContainer.xcdatamodel */ = {isa = PBXFileReference; lastKnownFileType = wrapper.xcdatamodel; path = FruitsContainer.xcdatamodel; sourceTree = "<group>"; };
		1884C0852B6BEC8A00A39571 /* CoredataRelationshipsBootcamp.swift */ = {isa = PBXFileReference; lastKnownFileType = sourcecode.swift; path = CoredataRelationshipsBootcamp.swift; sourceTree = "<group>"; };
		1884C0882B6BEF8800A39571 /* CoredataContainer.xcdatamodel */ = {isa = PBXFileReference; lastKnownFileType = wrapper.xcdatamodel; path = CoredataContainer.xcdatamodel; sourceTree = "<group>"; };
		1898C4012B77DED80003D477 /* DownloadWithCombine.swift */ = {isa = PBXFileReference; lastKnownFileType = sourcecode.swift; path = DownloadWithCombine.swift; sourceTree = "<group>"; };
		18A48D402B73E49C00AFB177 /* CodableBootcamp.swift */ = {isa = PBXFileReference; lastKnownFileType = sourcecode.swift; path = CodableBootcamp.swift; sourceTree = "<group>"; };
		18AD1F672B63F574002C5E2D /* HapticsBootcamp.swift */ = {isa = PBXFileReference; lastKnownFileType = sourcecode.swift; path = HapticsBootcamp.swift; sourceTree = "<group>"; };
		18AD1F692B63F97E002C5E2D /* LocalNotificationBootcamp.swift */ = {isa = PBXFileReference; lastKnownFileType = sourcecode.swift; path = LocalNotificationBootcamp.swift; sourceTree = "<group>"; };
		18AD1F6B2B640E4F002C5E2D /* HashableBootcamp.swift */ = {isa = PBXFileReference; lastKnownFileType = sourcecode.swift; path = HashableBootcamp.swift; sourceTree = "<group>"; };
		18BD2BEE2B86498C001F68AC /* AccessibilityTextBootcamp.swift */ = {isa = PBXFileReference; lastKnownFileType = sourcecode.swift; path = AccessibilityTextBootcamp.swift; sourceTree = "<group>"; };
		18BD4D112B83A227001BDE4A /* DownloadingImagesBootcamp.swift */ = {isa = PBXFileReference; lastKnownFileType = sourcecode.swift; path = DownloadingImagesBootcamp.swift; sourceTree = "<group>"; };
		18BD4D132B83A380001BDE4A /* PhotoModel.swift */ = {isa = PBXFileReference; lastKnownFileType = sourcecode.swift; path = PhotoModel.swift; sourceTree = "<group>"; };
		18BD4D152B83A44F001BDE4A /* DownloadingImagesViewModel.swift */ = {isa = PBXFileReference; lastKnownFileType = sourcecode.swift; path = DownloadingImagesViewModel.swift; sourceTree = "<group>"; };
		18BD4D172B83A7ED001BDE4A /* PhotoModelDataService.swift */ = {isa = PBXFileReference; lastKnownFileType = sourcecode.swift; path = PhotoModelDataService.swift; sourceTree = "<group>"; };
		18BD4D192B83B65B001BDE4A /* DownloadingImagesRow.swift */ = {isa = PBXFileReference; lastKnownFileType = sourcecode.swift; path = DownloadingImagesRow.swift; sourceTree = "<group>"; };
		18BD4D1B2B83B75A001BDE4A /* DownloadingImageView.swift */ = {isa = PBXFileReference; lastKnownFileType = sourcecode.swift; path = DownloadingImageView.swift; sourceTree = "<group>"; };
		18BD4D1D2B83B805001BDE4A /* ImageLoadingViewModel.swift */ = {isa = PBXFileReference; lastKnownFileType = sourcecode.swift; path = ImageLoadingViewModel.swift; sourceTree = "<group>"; };
		18BDE1DE2B751F1F00D7D1A2 /* DownloadingWithEscaping.swift */ = {isa = PBXFileReference; lastKnownFileType = sourcecode.swift; path = DownloadingWithEscaping.swift; sourceTree = "<group>"; };
		18D796AC2B7D0BAF005308C5 /* FileManagerBootcamp.swift */ = {isa = PBXFileReference; lastKnownFileType = sourcecode.swift; path = FileManagerBootcamp.swift; sourceTree = "<group>"; };
		18DEF0902B56D374008AA133 /* ContinuedLearning.app */ = {isa = PBXFileReference; explicitFileType = wrapper.application; includeInIndex = 0; path = ContinuedLearning.app; sourceTree = BUILT_PRODUCTS_DIR; };
		18DEF0932B56D374008AA133 /* ContinuedLearningApp.swift */ = {isa = PBXFileReference; lastKnownFileType = sourcecode.swift; path = ContinuedLearningApp.swift; sourceTree = "<group>"; };
		18DEF0952B56D374008AA133 /* ContentView.swift */ = {isa = PBXFileReference; lastKnownFileType = sourcecode.swift; path = ContentView.swift; sourceTree = "<group>"; };
		18DEF0972B56D376008AA133 /* Assets.xcassets */ = {isa = PBXFileReference; lastKnownFileType = folder.assetcatalog; path = Assets.xcassets; sourceTree = "<group>"; };
		18DEF09A2B56D376008AA133 /* Preview Assets.xcassets */ = {isa = PBXFileReference; lastKnownFileType = folder.assetcatalog; path = "Preview Assets.xcassets"; sourceTree = "<group>"; };
		18DEF0A12B56D563008AA133 /* LongPressGuestureBootcamp.swift */ = {isa = PBXFileReference; lastKnownFileType = sourcecode.swift; path = LongPressGuestureBootcamp.swift; sourceTree = "<group>"; };
		18DEF0A32B56DFA3008AA133 /* MagnificationGestureBootcamp.swift */ = {isa = PBXFileReference; lastKnownFileType = sourcecode.swift; path = MagnificationGestureBootcamp.swift; sourceTree = SOURCE_ROOT; };
		18DEF0A52B56EB6B008AA133 /* RotationGestureBootcamp.swift */ = {isa = PBXFileReference; lastKnownFileType = sourcecode.swift; path = RotationGestureBootcamp.swift; sourceTree = "<group>"; };
		18E00CAD2B5812E50089C918 /* DragGestureBootcamp.swift */ = {isa = PBXFileReference; lastKnownFileType = sourcecode.swift; path = DragGestureBootcamp.swift; sourceTree = "<group>"; };
		18E00CAF2B5818C80089C918 /* DragGestureBootcamp2.swift */ = {isa = PBXFileReference; lastKnownFileType = sourcecode.swift; path = DragGestureBootcamp2.swift; sourceTree = "<group>"; };
		18E00CB12B582A980089C918 /* ScrollViewReaderBootcamp.swift */ = {isa = PBXFileReference; lastKnownFileType = sourcecode.swift; path = ScrollViewReaderBootcamp.swift; sourceTree = "<group>"; };
		18F2D0092B60229B002113A8 /* MultipleSheetBootcamp.swift */ = {isa = PBXFileReference; lastKnownFileType = sourcecode.swift; path = MultipleSheetBootcamp.swift; sourceTree = "<group>"; };
		18F2D00B2B602B22002113A8 /* MaskBootcamp.swift */ = {isa = PBXFileReference; lastKnownFileType = sourcecode.swift; path = MaskBootcamp.swift; sourceTree = "<group>"; };
		18F7D5432B713A0B00361CCC /* BackgroundThreadBootcamp.swift */ = {isa = PBXFileReference; lastKnownFileType = sourcecode.swift; path = BackgroundThreadBootcamp.swift; sourceTree = "<group>"; };
/* End PBXFileReference section */

/* Begin PBXFrameworksBuildPhase section */
		18DEF08D2B56D374008AA133 /* Frameworks */ = {
			isa = PBXFrameworksBuildPhase;
			buildActionMask = 2147483647;
			files = (
			);
			runOnlyForDeploymentPostprocessing = 0;
		};
/* End PBXFrameworksBuildPhase section */

/* Begin PBXGroup section */
		180BEBAB2B62B4BB001B017E /* Sounds */ = {
			isa = PBXGroup;
			children = (
				180BEBB02B62B536001B017E /* badum.mp3 */,
				180BEBB12B62B536001B017E /* tada.mp3 */,
			);
			path = Sounds;
			sourceTree = "<group>";
		};
		18BD4D0C2B83A198001BDE4A /* DownloadingImages */ = {
			isa = PBXGroup;
			children = (
				18BD4D102B83A1E0001BDE4A /* Utilities */,
				18BD4D0F2B83A1D4001BDE4A /* Models */,
				18BD4D0E2B83A1C4001BDE4A /* Views */,
				18BD4D0D2B83A1AD001BDE4A /* ViewModels */,
			);
			path = DownloadingImages;
			sourceTree = "<group>";
		};
		18BD4D0D2B83A1AD001BDE4A /* ViewModels */ = {
			isa = PBXGroup;
			children = (
				18BD4D152B83A44F001BDE4A /* DownloadingImagesViewModel.swift */,
				18BD4D1D2B83B805001BDE4A /* ImageLoadingViewModel.swift */,
			);
			path = ViewModels;
			sourceTree = "<group>";
		};
		18BD4D0E2B83A1C4001BDE4A /* Views */ = {
			isa = PBXGroup;
			children = (
				18BD4D112B83A227001BDE4A /* DownloadingImagesBootcamp.swift */,
				18BD4D192B83B65B001BDE4A /* DownloadingImagesRow.swift */,
				18BD4D1B2B83B75A001BDE4A /* DownloadingImageView.swift */,
			);
			path = Views;
			sourceTree = "<group>";
		};
		18BD4D0F2B83A1D4001BDE4A /* Models */ = {
			isa = PBXGroup;
			children = (
				18BD4D132B83A380001BDE4A /* PhotoModel.swift */,
			);
			path = Models;
			sourceTree = "<group>";
		};
		18BD4D102B83A1E0001BDE4A /* Utilities */ = {
			isa = PBXGroup;
			children = (
				18BD4D172B83A7ED001BDE4A /* PhotoModelDataService.swift */,
				182C58E32B84F62500919593 /* PhotoModelCacheManager.swift */,
				182C58E52B84F84200919593 /* PhotoModelFileManager.swift */,
			);
			path = Utilities;
			sourceTree = "<group>";
		};
		18DEF0872B56D374008AA133 = {
			isa = PBXGroup;
			children = (
				18DEF0922B56D374008AA133 /* ContinuedLearning */,
				18DEF0912B56D374008AA133 /* Products */,
			);
			sourceTree = "<group>";
		};
		18DEF0912B56D374008AA133 /* Products */ = {
			isa = PBXGroup;
			children = (
				18DEF0902B56D374008AA133 /* ContinuedLearning.app */,
			);
			name = Products;
			sourceTree = "<group>";
		};
		18DEF0922B56D374008AA133 /* ContinuedLearning */ = {
			isa = PBXGroup;
			children = (
				18DEF0932B56D374008AA133 /* ContinuedLearningApp.swift */,
				18DEF0952B56D374008AA133 /* ContentView.swift */,
				18DEF0A12B56D563008AA133 /* LongPressGuestureBootcamp.swift */,
				18DEF0A32B56DFA3008AA133 /* MagnificationGestureBootcamp.swift */,
				18DEF0A52B56EB6B008AA133 /* RotationGestureBootcamp.swift */,
				18E00CAD2B5812E50089C918 /* DragGestureBootcamp.swift */,
				18E00CAF2B5818C80089C918 /* DragGestureBootcamp2.swift */,
				18E00CB12B582A980089C918 /* ScrollViewReaderBootcamp.swift */,
				184FA7392B5ED8FC00CE8F81 /* GeometryReaderBootcamp.swift */,
				18F2D0092B60229B002113A8 /* MultipleSheetBootcamp.swift */,
				18F2D00B2B602B22002113A8 /* MaskBootcamp.swift */,
				180BEBA92B629511001B017E /* SoundsBootcamp.swift */,
				180BEBAB2B62B4BB001B017E /* Sounds */,
				18AD1F672B63F574002C5E2D /* HapticsBootcamp.swift */,
				18AD1F692B63F97E002C5E2D /* LocalNotificationBootcamp.swift */,
				18AD1F6B2B640E4F002C5E2D /* HashableBootcamp.swift */,
				1884C0802B6A0BD300A39571 /* CoredataBootcamp.swift */,
				1884C0822B6A903100A39571 /* FruitsContainer.xcdatamodeld */,
				1884C0852B6BEC8A00A39571 /* CoredataRelationshipsBootcamp.swift */,
				1884C0872B6BEF8800A39571 /* CoredataContainer.xcdatamodeld */,
				18F7D5432B713A0B00361CCC /* BackgroundThreadBootcamp.swift */,
				18083C4D2B728FDB00213615 /* EscapingBootcamp.swift */,
				18A48D402B73E49C00AFB177 /* CodableBootcamp.swift */,
				18BDE1DE2B751F1F00D7D1A2 /* DownloadingWithEscaping.swift */,
				1898C4012B77DED80003D477 /* DownloadWithCombine.swift */,
				18459EBF2B79114A00FCC310 /* TimerBootcamp.swift */,
				185F3DF32B7A7DA0008B3586 /* SubscriberBootcamp.swift */,
				18D796AC2B7D0BAF005308C5 /* FileManagerBootcamp.swift */,
				1831A1F22B8242A500246210 /* CacheBootcamp.swift */,
				18BD4D0C2B83A198001BDE4A /* DownloadingImages */,
				18BD2BEE2B86498C001F68AC /* AccessibilityTextBootcamp.swift */,
				183B3B172B88D2E100DFC479 /* AccessibilityColorsBootcamp.swift */,
				183B3B192B88DF2000DFC479 /* AccessibilityVoiceOverBootcamp.swift */,
				183B3B1B2B8A16A800DFC479 /* AlignmentGuideBootcamp.swift */,
				183DA90E2B9CBF6400A579F3 /* VisualEffectBootcamp.swift */,
				18DEF0972B56D376008AA133 /* Assets.xcassets */,
				18DEF0992B56D376008AA133 /* Preview Content */,
			);
			path = ContinuedLearning;
			sourceTree = "<group>";
		};
		18DEF0992B56D376008AA133 /* Preview Content */ = {
			isa = PBXGroup;
			children = (
				18DEF09A2B56D376008AA133 /* Preview Assets.xcassets */,
			);
			path = "Preview Content";
			sourceTree = "<group>";
		};
/* End PBXGroup section */

/* Begin PBXNativeTarget section */
		18DEF08F2B56D374008AA133 /* ContinuedLearning */ = {
			isa = PBXNativeTarget;
			buildConfigurationList = 18DEF09E2B56D376008AA133 /* Build configuration list for PBXNativeTarget "ContinuedLearning" */;
			buildPhases = (
				18DEF08C2B56D374008AA133 /* Sources */,
				18DEF08D2B56D374008AA133 /* Frameworks */,
				18DEF08E2B56D374008AA133 /* Resources */,
			);
			buildRules = (
			);
			dependencies = (
			);
			name = ContinuedLearning;
			productName = ContinuedLearning;
			productReference = 18DEF0902B56D374008AA133 /* ContinuedLearning.app */;
			productType = "com.apple.product-type.application";
		};
/* End PBXNativeTarget section */

/* Begin PBXProject section */
		18DEF0882B56D374008AA133 /* Project object */ = {
			isa = PBXProject;
			attributes = {
				BuildIndependentTargetsInParallel = 1;
				LastSwiftUpdateCheck = 1500;
				LastUpgradeCheck = 1500;
				TargetAttributes = {
					18DEF08F2B56D374008AA133 = {
						CreatedOnToolsVersion = 15.0.1;
					};
				};
			};
			buildConfigurationList = 18DEF08B2B56D374008AA133 /* Build configuration list for PBXProject "ContinuedLearning" */;
			compatibilityVersion = "Xcode 14.0";
			developmentRegion = en;
			hasScannedForEncodings = 0;
			knownRegions = (
				en,
				Base,
			);
			mainGroup = 18DEF0872B56D374008AA133;
			productRefGroup = 18DEF0912B56D374008AA133 /* Products */;
			projectDirPath = "";
			projectRoot = "";
			targets = (
				18DEF08F2B56D374008AA133 /* ContinuedLearning */,
			);
		};
/* End PBXProject section */

/* Begin PBXResourcesBuildPhase section */
		18DEF08E2B56D374008AA133 /* Resources */ = {
			isa = PBXResourcesBuildPhase;
			buildActionMask = 2147483647;
			files = (
				180BEBB32B62B536001B017E /* tada.mp3 in Resources */,
				180BEBB22B62B536001B017E /* badum.mp3 in Resources */,
				18DEF09B2B56D376008AA133 /* Preview Assets.xcassets in Resources */,
				18DEF0982B56D376008AA133 /* Assets.xcassets in Resources */,
			);
			runOnlyForDeploymentPostprocessing = 0;
		};
/* End PBXResourcesBuildPhase section */

/* Begin PBXSourcesBuildPhase section */
		18DEF08C2B56D374008AA133 /* Sources */ = {
			isa = PBXSourcesBuildPhase;
			buildActionMask = 2147483647;
			files = (
				183B3B182B88D2E100DFC479 /* AccessibilityColorsBootcamp.swift in Sources */,
				18AD1F6C2B640E4F002C5E2D /* HashableBootcamp.swift in Sources */,
				18459EC02B79114A00FCC310 /* TimerBootcamp.swift in Sources */,
				1884C0862B6BEC8A00A39571 /* CoredataRelationshipsBootcamp.swift in Sources */,
				180BEBAA2B629511001B017E /* SoundsBootcamp.swift in Sources */,
				1884C0842B6A903100A39571 /* FruitsContainer.xcdatamodeld in Sources */,
				183B3B1A2B88DF2000DFC479 /* AccessibilityVoiceOverBootcamp.swift in Sources */,
				183DA90F2B9CBF6400A579F3 /* VisualEffectBootcamp.swift in Sources */,
				18BD4D1A2B83B65B001BDE4A /* DownloadingImagesRow.swift in Sources */,
				18F2D00A2B60229B002113A8 /* MultipleSheetBootcamp.swift in Sources */,
				18D796AD2B7D0BAF005308C5 /* FileManagerBootcamp.swift in Sources */,
				1898C4022B77DED80003D477 /* DownloadWithCombine.swift in Sources */,
				18F2D00C2B602B22002113A8 /* MaskBootcamp.swift in Sources */,
				18E00CB02B5818C80089C918 /* DragGestureBootcamp2.swift in Sources */,
				18E00CAE2B5812E50089C918 /* DragGestureBootcamp.swift in Sources */,
				18BD4D162B83A44F001BDE4A /* DownloadingImagesViewModel.swift in Sources */,
				18BD4D1C2B83B75A001BDE4A /* DownloadingImageView.swift in Sources */,
				18AD1F6A2B63F97E002C5E2D /* LocalNotificationBootcamp.swift in Sources */,
				18083C4E2B728FDB00213615 /* EscapingBootcamp.swift in Sources */,
				182C58E62B84F84200919593 /* PhotoModelFileManager.swift in Sources */,
				18DEF0A22B56D563008AA133 /* LongPressGuestureBootcamp.swift in Sources */,
				18BDE1DF2B751F1F00D7D1A2 /* DownloadingWithEscaping.swift in Sources */,
				18E00CB22B582A980089C918 /* ScrollViewReaderBootcamp.swift in Sources */,
				18BD4D1E2B83B805001BDE4A /* ImageLoadingViewModel.swift in Sources */,
				183B3B1C2B8A16A800DFC479 /* AlignmentGuideBootcamp.swift in Sources */,
				1884C0812B6A0BD300A39571 /* CoredataBootcamp.swift in Sources */,
				18A48D412B73E49C00AFB177 /* CodableBootcamp.swift in Sources */,
				18BD4D142B83A380001BDE4A /* PhotoModel.swift in Sources */,
				18DEF0962B56D374008AA133 /* ContentView.swift in Sources */,
				1831A1F32B8242A500246210 /* CacheBootcamp.swift in Sources */,
				182C58E42B84F62500919593 /* PhotoModelCacheManager.swift in Sources */,
				18DEF0A42B56DFA3008AA133 /* MagnificationGestureBootcamp.swift in Sources */,
				18F7D5442B713A0B00361CCC /* BackgroundThreadBootcamp.swift in Sources */,
				184FA73A2B5ED8FC00CE8F81 /* GeometryReaderBootcamp.swift in Sources */,
				18AD1F682B63F574002C5E2D /* HapticsBootcamp.swift in Sources */,
				18BD4D122B83A227001BDE4A /* DownloadingImagesBootcamp.swift in Sources */,
				185F3DF42B7A7DA0008B3586 /* SubscriberBootcamp.swift in Sources */,
				18BD4D182B83A7ED001BDE4A /* PhotoModelDataService.swift in Sources */,
				18DEF0942B56D374008AA133 /* ContinuedLearningApp.swift in Sources */,
				1884C0892B6BEF8800A39571 /* CoredataContainer.xcdatamodeld in Sources */,
				18BD2BEF2B86498C001F68AC /* AccessibilityTextBootcamp.swift in Sources */,
				18DEF0A62B56EB6B008AA133 /* RotationGestureBootcamp.swift in Sources */,
			);
			runOnlyForDeploymentPostprocessing = 0;
		};
/* End PBXSourcesBuildPhase section */

/* Begin XCBuildConfiguration section */
		18DEF09C2B56D376008AA133 /* Debug */ = {
			isa = XCBuildConfiguration;
			buildSettings = {
				ALWAYS_SEARCH_USER_PATHS = NO;
				ASSETCATALOG_COMPILER_GENERATE_SWIFT_ASSET_SYMBOL_EXTENSIONS = YES;
				CLANG_ANALYZER_NONNULL = YES;
				CLANG_ANALYZER_NUMBER_OBJECT_CONVERSION = YES_AGGRESSIVE;
				CLANG_CXX_LANGUAGE_STANDARD = "gnu++20";
				CLANG_ENABLE_MODULES = YES;
				CLANG_ENABLE_OBJC_ARC = YES;
				CLANG_ENABLE_OBJC_WEAK = YES;
				CLANG_WARN_BLOCK_CAPTURE_AUTORELEASING = YES;
				CLANG_WARN_BOOL_CONVERSION = YES;
				CLANG_WARN_COMMA = YES;
				CLANG_WARN_CONSTANT_CONVERSION = YES;
				CLANG_WARN_DEPRECATED_OBJC_IMPLEMENTATIONS = YES;
				CLANG_WARN_DIRECT_OBJC_ISA_USAGE = YES_ERROR;
				CLANG_WARN_DOCUMENTATION_COMMENTS = YES;
				CLANG_WARN_EMPTY_BODY = YES;
				CLANG_WARN_ENUM_CONVERSION = YES;
				CLANG_WARN_INFINITE_RECURSION = YES;
				CLANG_WARN_INT_CONVERSION = YES;
				CLANG_WARN_NON_LITERAL_NULL_CONVERSION = YES;
				CLANG_WARN_OBJC_IMPLICIT_RETAIN_SELF = YES;
				CLANG_WARN_OBJC_LITERAL_CONVERSION = YES;
				CLANG_WARN_OBJC_ROOT_CLASS = YES_ERROR;
				CLANG_WARN_QUOTED_INCLUDE_IN_FRAMEWORK_HEADER = YES;
				CLANG_WARN_RANGE_LOOP_ANALYSIS = YES;
				CLANG_WARN_STRICT_PROTOTYPES = YES;
				CLANG_WARN_SUSPICIOUS_MOVE = YES;
				CLANG_WARN_UNGUARDED_AVAILABILITY = YES_AGGRESSIVE;
				CLANG_WARN_UNREACHABLE_CODE = YES;
				CLANG_WARN__DUPLICATE_METHOD_MATCH = YES;
				COPY_PHASE_STRIP = NO;
				DEBUG_INFORMATION_FORMAT = dwarf;
				ENABLE_STRICT_OBJC_MSGSEND = YES;
				ENABLE_TESTABILITY = YES;
				ENABLE_USER_SCRIPT_SANDBOXING = YES;
				GCC_C_LANGUAGE_STANDARD = gnu17;
				GCC_DYNAMIC_NO_PIC = NO;
				GCC_NO_COMMON_BLOCKS = YES;
				GCC_OPTIMIZATION_LEVEL = 0;
				GCC_PREPROCESSOR_DEFINITIONS = (
					"DEBUG=1",
					"$(inherited)",
				);
				GCC_WARN_64_TO_32_BIT_CONVERSION = YES;
				GCC_WARN_ABOUT_RETURN_TYPE = YES_ERROR;
				GCC_WARN_UNDECLARED_SELECTOR = YES;
				GCC_WARN_UNINITIALIZED_AUTOS = YES_AGGRESSIVE;
				GCC_WARN_UNUSED_FUNCTION = YES;
				GCC_WARN_UNUSED_VARIABLE = YES;
				IPHONEOS_DEPLOYMENT_TARGET = 17.0;
				LOCALIZATION_PREFERS_STRING_CATALOGS = YES;
				MTL_ENABLE_DEBUG_INFO = INCLUDE_SOURCE;
				MTL_FAST_MATH = YES;
				ONLY_ACTIVE_ARCH = YES;
				SDKROOT = iphoneos;
				SWIFT_ACTIVE_COMPILATION_CONDITIONS = "DEBUG $(inherited)";
				SWIFT_OPTIMIZATION_LEVEL = "-Onone";
			};
			name = Debug;
		};
		18DEF09D2B56D376008AA133 /* Release */ = {
			isa = XCBuildConfiguration;
			buildSettings = {
				ALWAYS_SEARCH_USER_PATHS = NO;
				ASSETCATALOG_COMPILER_GENERATE_SWIFT_ASSET_SYMBOL_EXTENSIONS = YES;
				CLANG_ANALYZER_NONNULL = YES;
				CLANG_ANALYZER_NUMBER_OBJECT_CONVERSION = YES_AGGRESSIVE;
				CLANG_CXX_LANGUAGE_STANDARD = "gnu++20";
				CLANG_ENABLE_MODULES = YES;
				CLANG_ENABLE_OBJC_ARC = YES;
				CLANG_ENABLE_OBJC_WEAK = YES;
				CLANG_WARN_BLOCK_CAPTURE_AUTORELEASING = YES;
				CLANG_WARN_BOOL_CONVERSION = YES;
				CLANG_WARN_COMMA = YES;
				CLANG_WARN_CONSTANT_CONVERSION = YES;
				CLANG_WARN_DEPRECATED_OBJC_IMPLEMENTATIONS = YES;
				CLANG_WARN_DIRECT_OBJC_ISA_USAGE = YES_ERROR;
				CLANG_WARN_DOCUMENTATION_COMMENTS = YES;
				CLANG_WARN_EMPTY_BODY = YES;
				CLANG_WARN_ENUM_CONVERSION = YES;
				CLANG_WARN_INFINITE_RECURSION = YES;
				CLANG_WARN_INT_CONVERSION = YES;
				CLANG_WARN_NON_LITERAL_NULL_CONVERSION = YES;
				CLANG_WARN_OBJC_IMPLICIT_RETAIN_SELF = YES;
				CLANG_WARN_OBJC_LITERAL_CONVERSION = YES;
				CLANG_WARN_OBJC_ROOT_CLASS = YES_ERROR;
				CLANG_WARN_QUOTED_INCLUDE_IN_FRAMEWORK_HEADER = YES;
				CLANG_WARN_RANGE_LOOP_ANALYSIS = YES;
				CLANG_WARN_STRICT_PROTOTYPES = YES;
				CLANG_WARN_SUSPICIOUS_MOVE = YES;
				CLANG_WARN_UNGUARDED_AVAILABILITY = YES_AGGRESSIVE;
				CLANG_WARN_UNREACHABLE_CODE = YES;
				CLANG_WARN__DUPLICATE_METHOD_MATCH = YES;
				COPY_PHASE_STRIP = NO;
				DEBUG_INFORMATION_FORMAT = "dwarf-with-dsym";
				ENABLE_NS_ASSERTIONS = NO;
				ENABLE_STRICT_OBJC_MSGSEND = YES;
				ENABLE_USER_SCRIPT_SANDBOXING = YES;
				GCC_C_LANGUAGE_STANDARD = gnu17;
				GCC_NO_COMMON_BLOCKS = YES;
				GCC_WARN_64_TO_32_BIT_CONVERSION = YES;
				GCC_WARN_ABOUT_RETURN_TYPE = YES_ERROR;
				GCC_WARN_UNDECLARED_SELECTOR = YES;
				GCC_WARN_UNINITIALIZED_AUTOS = YES_AGGRESSIVE;
				GCC_WARN_UNUSED_FUNCTION = YES;
				GCC_WARN_UNUSED_VARIABLE = YES;
				IPHONEOS_DEPLOYMENT_TARGET = 17.0;
				LOCALIZATION_PREFERS_STRING_CATALOGS = YES;
				MTL_ENABLE_DEBUG_INFO = NO;
				MTL_FAST_MATH = YES;
				SDKROOT = iphoneos;
				SWIFT_COMPILATION_MODE = wholemodule;
				VALIDATE_PRODUCT = YES;
			};
			name = Release;
		};
		18DEF09F2B56D376008AA133 /* Debug */ = {
			isa = XCBuildConfiguration;
			buildSettings = {
				ASSETCATALOG_COMPILER_APPICON_NAME = AppIcon;
				ASSETCATALOG_COMPILER_GLOBAL_ACCENT_COLOR_NAME = AccentColor;
				CODE_SIGN_STYLE = Automatic;
				CURRENT_PROJECT_VERSION = 1;
				DEVELOPMENT_ASSET_PATHS = "\"ContinuedLearning/Preview Content\"";
				ENABLE_PREVIEWS = YES;
				GENERATE_INFOPLIST_FILE = YES;
				INFOPLIST_KEY_UIApplicationSceneManifest_Generation = YES;
				INFOPLIST_KEY_UIApplicationSupportsIndirectInputEvents = YES;
				INFOPLIST_KEY_UILaunchScreen_Generation = YES;
				INFOPLIST_KEY_UISupportedInterfaceOrientations_iPad = "UIInterfaceOrientationPortrait UIInterfaceOrientationPortraitUpsideDown UIInterfaceOrientationLandscapeLeft UIInterfaceOrientationLandscapeRight";
				INFOPLIST_KEY_UISupportedInterfaceOrientations_iPhone = "UIInterfaceOrientationPortrait UIInterfaceOrientationLandscapeLeft UIInterfaceOrientationLandscapeRight";
				LD_RUNPATH_SEARCH_PATHS = (
					"$(inherited)",
					"@executable_path/Frameworks",
				);
				MARKETING_VERSION = 1.0;
				PRODUCT_BUNDLE_IDENTIFIER = com.contlearning.ContinuedLearning;
				PRODUCT_NAME = "$(TARGET_NAME)";
				SWIFT_EMIT_LOC_STRINGS = YES;
				SWIFT_VERSION = 5.0;
				TARGETED_DEVICE_FAMILY = "1,2";
			};
			name = Debug;
		};
		18DEF0A02B56D376008AA133 /* Release */ = {
			isa = XCBuildConfiguration;
			buildSettings = {
				ASSETCATALOG_COMPILER_APPICON_NAME = AppIcon;
				ASSETCATALOG_COMPILER_GLOBAL_ACCENT_COLOR_NAME = AccentColor;
				CODE_SIGN_STYLE = Automatic;
				CURRENT_PROJECT_VERSION = 1;
				DEVELOPMENT_ASSET_PATHS = "\"ContinuedLearning/Preview Content\"";
				ENABLE_PREVIEWS = YES;
				GENERATE_INFOPLIST_FILE = YES;
				INFOPLIST_KEY_UIApplicationSceneManifest_Generation = YES;
				INFOPLIST_KEY_UIApplicationSupportsIndirectInputEvents = YES;
				INFOPLIST_KEY_UILaunchScreen_Generation = YES;
				INFOPLIST_KEY_UISupportedInterfaceOrientations_iPad = "UIInterfaceOrientationPortrait UIInterfaceOrientationPortraitUpsideDown UIInterfaceOrientationLandscapeLeft UIInterfaceOrientationLandscapeRight";
				INFOPLIST_KEY_UISupportedInterfaceOrientations_iPhone = "UIInterfaceOrientationPortrait UIInterfaceOrientationLandscapeLeft UIInterfaceOrientationLandscapeRight";
				LD_RUNPATH_SEARCH_PATHS = (
					"$(inherited)",
					"@executable_path/Frameworks",
				);
				MARKETING_VERSION = 1.0;
				PRODUCT_BUNDLE_IDENTIFIER = com.contlearning.ContinuedLearning;
				PRODUCT_NAME = "$(TARGET_NAME)";
				SWIFT_EMIT_LOC_STRINGS = YES;
				SWIFT_VERSION = 5.0;
				TARGETED_DEVICE_FAMILY = "1,2";
			};
			name = Release;
		};
/* End XCBuildConfiguration section */

/* Begin XCConfigurationList section */
		18DEF08B2B56D374008AA133 /* Build configuration list for PBXProject "ContinuedLearning" */ = {
			isa = XCConfigurationList;
			buildConfigurations = (
				18DEF09C2B56D376008AA133 /* Debug */,
				18DEF09D2B56D376008AA133 /* Release */,
			);
			defaultConfigurationIsVisible = 0;
			defaultConfigurationName = Release;
		};
		18DEF09E2B56D376008AA133 /* Build configuration list for PBXNativeTarget "ContinuedLearning" */ = {
			isa = XCConfigurationList;
			buildConfigurations = (
				18DEF09F2B56D376008AA133 /* Debug */,
				18DEF0A02B56D376008AA133 /* Release */,
			);
			defaultConfigurationIsVisible = 0;
			defaultConfigurationName = Release;
		};
/* End XCConfigurationList section */

/* Begin XCVersionGroup section */
		1884C0822B6A903100A39571 /* FruitsContainer.xcdatamodeld */ = {
			isa = XCVersionGroup;
			children = (
				1884C0832B6A903100A39571 /* FruitsContainer.xcdatamodel */,
			);
			currentVersion = 1884C0832B6A903100A39571 /* FruitsContainer.xcdatamodel */;
			path = FruitsContainer.xcdatamodeld;
			sourceTree = "<group>";
			versionGroupType = wrapper.xcdatamodel;
		};
		1884C0872B6BEF8800A39571 /* CoredataContainer.xcdatamodeld */ = {
			isa = XCVersionGroup;
			children = (
				1884C0882B6BEF8800A39571 /* CoredataContainer.xcdatamodel */,
			);
			currentVersion = 1884C0882B6BEF8800A39571 /* CoredataContainer.xcdatamodel */;
			path = CoredataContainer.xcdatamodeld;
			sourceTree = "<group>";
			versionGroupType = wrapper.xcdatamodel;
		};
/* End XCVersionGroup section */
	};
	rootObject = 18DEF0882B56D374008AA133 /* Project object */;
}
